
Microsoft Visual Studio Solution File, Format Version 12.00
# Visual Studio Version 17
VisualStudioVersion = 17.7.34031.279
MinimumVisualStudioVersion = 10.0.40219.1
Project("{FAE04EC0-301F-11D3-BF4B-00C04F79EFBC}") = "Server", "Server\Server.csproj", "{D8F9CEF6-5D0C-4F1B-8910-07B724D3F675}"
EndProject
Project("{FAE04EC0-301F-11D3-BF4B-00C04F79EFBC}") = "Contracts", "Contracts\Contracts.csproj", "{4BAD172E-EE3C-4BF6-A63C-A349A96B6090}"
EndProject
Project("{FAE04EC0-301F-11D3-BF4B-00C04F79EFBC}") = "Entities", "Entities\Entities.csproj", "{123805CF-FE3F-45D9-AD31-69D21A47C379}"
EndProject
Project("{FAE04EC0-301F-11D3-BF4B-00C04F79EFBC}") = "Repository", "Repository\Repository.csproj", "{1BBD6A6C-D0EE-4015-9B71-BAC7C8C748DF}"
EndProject
Project("{FAE04EC0-301F-11D3-BF4B-00C04F79EFBC}") = "Services", "Services\Services.csproj", "{45953DE5-8BEF-4E13-94BB-E2A56DFCD222}"
EndProject
Global
	GlobalSection(SolutionConfigurationPlatforms) = preSolution
		Debug|Any CPU = Debug|Any CPU
		Release|Any CPU = Release|Any CPU
	EndGlobalSection
	GlobalSection(ProjectConfigurationPlatforms) = postSolution
		{D8F9CEF6-5D0C-4F1B-8910-07B724D3F675}.Debug|Any CPU.ActiveCfg = Debug|Any CPU
		{D8F9CEF6-5D0C-4F1B-8910-07B724D3F675}.Debug|Any CPU.Build.0 = Debug|Any CPU
		{D8F9CEF6-5D0C-4F1B-8910-07B724D3F675}.Release|Any CPU.ActiveCfg = Release|Any CPU
		{D8F9CEF6-5D0C-4F1B-8910-07B724D3F675}.Release|Any CPU.Build.0 = Release|Any CPU
		{4BAD172E-EE3C-4BF6-A63C-A349A96B6090}.Debug|Any CPU.ActiveCfg = Debug|Any CPU
		{4BAD172E-EE3C-4BF6-A63C-A349A96B6090}.Debug|Any CPU.Build.0 = Debug|Any CPU
		{4BAD172E-EE3C-4BF6-A63C-A349A96B6090}.Release|Any CPU.ActiveCfg = Release|Any CPU
		{4BAD172E-EE3C-4BF6-A63C-A349A96B6090}.Release|Any CPU.Build.0 = Release|Any CPU
		{123805CF-FE3F-45D9-AD31-69D21A47C379}.Debug|Any CPU.ActiveCfg = Debug|Any CPU
		{123805CF-FE3F-45D9-AD31-69D21A47C379}.Debug|Any CPU.Build.0 = Debug|Any CPU
		{123805CF-FE3F-45D9-AD31-69D21A47C379}.Release|Any CPU.ActiveCfg = Release|Any CPU
		{123805CF-FE3F-45D9-AD31-69D21A47C379}.Release|Any CPU.Build.0 = Release|Any CPU
		{1BBD6A6C-D0EE-4015-9B71-BAC7C8C748DF}.Debug|Any CPU.ActiveCfg = Debug|Any CPU
		{1BBD6A6C-D0EE-4015-9B71-BAC7C8C748DF}.Debug|Any CPU.Build.0 = Debug|Any CPU
		{1BBD6A6C-D0EE-4015-9B71-BAC7C8C748DF}.Release|Any CPU.ActiveCfg = Release|Any CPU
		{1BBD6A6C-D0EE-4015-9B71-BAC7C8C748DF}.Release|Any CPU.Build.0 = Release|Any CPU
		{45953DE5-8BEF-4E13-94BB-E2A56DFCD222}.Debug|Any CPU.ActiveCfg = Debug|Any CPU
		{45953DE5-8BEF-4E13-94BB-E2A56DFCD222}.Debug|Any CPU.Build.0 = Debug|Any CPU
		{45953DE5-8BEF-4E13-94BB-E2A56DFCD222}.Release|Any CPU.ActiveCfg = Release|Any CPU
		{45953DE5-8BEF-4E13-94BB-E2A56DFCD222}.Release|Any CPU.Build.0 = Release|Any CPU
	EndGlobalSection
	GlobalSection(SolutionProperties) = preSolution
		HideSolutionNode = FALSE
	EndGlobalSection
	GlobalSection(ExtensibilityGlobals) = postSolution
		SolutionGuid = {C96F5B59-1FBC-42A1-B792-EE92A4B57BB4}
	EndGlobalSection
EndGlobal
